
Microsoft Visual Studio Solution File, Format Version 12.00
# Visual Studio Version 17
VisualStudioVersion = 17.11.35312.102
MinimumVisualStudioVersion = 10.0.40219.1
Project("{9A19103F-16F7-4668-BE54-9A1E7A4F7556}") = "AuthServer", "AuthServer\AuthServer.csproj", "{9DCA6204-D5B9-48CB-AE5C-B34E876DD69C}"
EndProject
Project("{9A19103F-16F7-4668-BE54-9A1E7A4F7556}") = "ClientApp", "ClientApp\ClientApp.csproj", "{308ABD62-5EF6-468F-9B0D-BE45367C8FF2}"
EndProject
Project("{9A19103F-16F7-4668-BE54-9A1E7A4F7556}") = "ResourceAPI", "ResourceAPI\ResourceAPI.csproj", "{D159BB84-83E0-4FC6-9BB8-BDF1D150B0A4}"
EndProject
Global
	GlobalSection(SolutionConfigurationPlatforms) = preSolution
		Debug|Any CPU = Debug|Any CPU
		Release|Any CPU = Release|Any CPU
	EndGlobalSection
	GlobalSection(ProjectConfigurationPlatforms) = postSolution
		{9DCA6204-D5B9-48CB-AE5C-B34E876DD69C}.Debug|Any CPU.ActiveCfg = Debug|Any CPU
		{9DCA6204-D5B9-48CB-AE5C-B34E876DD69C}.Debug|Any CPU.Build.0 = Debug|Any CPU
		{9DCA6204-D5B9-48CB-AE5C-B34E876DD69C}.Release|Any CPU.ActiveCfg = Release|Any CPU
		{9DCA6204-D5B9-48CB-AE5C-B34E876DD69C}.Release|Any CPU.Build.0 = Release|Any CPU
		{308ABD62-5EF6-468F-9B0D-BE45367C8FF2}.Debug|Any CPU.ActiveCfg = Debug|Any CPU
		{308ABD62-5EF6-468F-9B0D-BE45367C8FF2}.Debug|Any CPU.Build.0 = Debug|Any CPU
		{308ABD62-5EF6-468F-9B0D-BE45367C8FF2}.Release|Any CPU.ActiveCfg = Release|Any CPU
		{308ABD62-5EF6-468F-9B0D-BE45367C8FF2}.Release|Any CPU.Build.0 = Release|Any CPU
		{D159BB84-83E0-4FC6-9BB8-BDF1D150B0A4}.Debug|Any CPU.ActiveCfg = Debug|Any CPU
		{D159BB84-83E0-4FC6-9BB8-BDF1D150B0A4}.Debug|Any CPU.Build.0 = Debug|Any CPU
		{D159BB84-83E0-4FC6-9BB8-BDF1D150B0A4}.Release|Any CPU.ActiveCfg = Release|Any CPU
		{D159BB84-83E0-4FC6-9BB8-BDF1D150B0A4}.Release|Any CPU.Build.0 = Release|Any CPU
	EndGlobalSection
	GlobalSection(SolutionProperties) = preSolution
		HideSolutionNode = FALSE
	EndGlobalSection
	GlobalSection(ExtensibilityGlobals) = postSolution
		SolutionGuid = {5308EEA1-1806-4A57-A67F-6EB6FECC434A}
	EndGlobalSection
EndGlobal
